
Microsoft Visual Studio Solution File, Format Version 12.00
# Visual Studio Version 17
VisualStudioVersion = 17.0.31903.59
MinimumVisualStudioVersion = 10.0.40219.1
Project("{9A19103F-16F7-4668-BE54-9A1E7A4F7556}") = "StoreApp", "StoreApp\StoreApp.csproj", "{F403F411-FFC7-48E1-B719-28386ABCB7B3}"
EndProject
Project("{9A19103F-16F7-4668-BE54-9A1E7A4F7556}") = "Entities", "Entities\Entities.csproj", "{4BC163E2-81CE-4B2A-BC84-D04BB5DADCF2}"
EndProject
Project("{9A19103F-16F7-4668-BE54-9A1E7A4F7556}") = "Services", "Services\Services.csproj", "{3428A4D0-3023-41F8-8323-8EB9D9C73377}"
EndProject
Project("{9A19103F-16F7-4668-BE54-9A1E7A4F7556}") = "Repositories", "Repositories\Repositories.csproj", "{6329862F-89E7-4617-BBF3-44932849B419}"
EndProject
Project("{FAE04EC0-301F-11D3-BF4B-00C04F79EFBC}") = "Presentation", "Presentation\Presentation.csproj", "{9F968E14-E009-49B8-ACC9-C7E10E06A002}"
EndProject
Global
	GlobalSection(SolutionConfigurationPlatforms) = preSolution
		Debug|Any CPU = Debug|Any CPU
		Release|Any CPU = Release|Any CPU
	EndGlobalSection
	GlobalSection(ProjectConfigurationPlatforms) = postSolution
		{F403F411-FFC7-48E1-B719-28386ABCB7B3}.Debug|Any CPU.ActiveCfg = Debug|Any CPU
		{F403F411-FFC7-48E1-B719-28386ABCB7B3}.Debug|Any CPU.Build.0 = Debug|Any CPU
		{F403F411-FFC7-48E1-B719-28386ABCB7B3}.Release|Any CPU.ActiveCfg = Release|Any CPU
		{F403F411-FFC7-48E1-B719-28386ABCB7B3}.Release|Any CPU.Build.0 = Release|Any CPU
		{4BC163E2-81CE-4B2A-BC84-D04BB5DADCF2}.Debug|Any CPU.ActiveCfg = Debug|Any CPU
		{4BC163E2-81CE-4B2A-BC84-D04BB5DADCF2}.Debug|Any CPU.Build.0 = Debug|Any CPU
		{4BC163E2-81CE-4B2A-BC84-D04BB5DADCF2}.Release|Any CPU.ActiveCfg = Release|Any CPU
		{4BC163E2-81CE-4B2A-BC84-D04BB5DADCF2}.Release|Any CPU.Build.0 = Release|Any CPU
		{3428A4D0-3023-41F8-8323-8EB9D9C73377}.Debug|Any CPU.ActiveCfg = Debug|Any CPU
		{3428A4D0-3023-41F8-8323-8EB9D9C73377}.Debug|Any CPU.Build.0 = Debug|Any CPU
		{3428A4D0-3023-41F8-8323-8EB9D9C73377}.Release|Any CPU.ActiveCfg = Release|Any CPU
		{3428A4D0-3023-41F8-8323-8EB9D9C73377}.Release|Any CPU.Build.0 = Release|Any CPU
		{6329862F-89E7-4617-BBF3-44932849B419}.Debug|Any CPU.ActiveCfg = Debug|Any CPU
		{6329862F-89E7-4617-BBF3-44932849B419}.Debug|Any CPU.Build.0 = Debug|Any CPU
		{6329862F-89E7-4617-BBF3-44932849B419}.Release|Any CPU.ActiveCfg = Release|Any CPU
		{6329862F-89E7-4617-BBF3-44932849B419}.Release|Any CPU.Build.0 = Release|Any CPU
		{9F968E14-E009-49B8-ACC9-C7E10E06A002}.Debug|Any CPU.ActiveCfg = Debug|Any CPU
		{9F968E14-E009-49B8-ACC9-C7E10E06A002}.Debug|Any CPU.Build.0 = Debug|Any CPU
		{9F968E14-E009-49B8-ACC9-C7E10E06A002}.Release|Any CPU.ActiveCfg = Release|Any CPU
		{9F968E14-E009-49B8-ACC9-C7E10E06A002}.Release|Any CPU.Build.0 = Release|Any CPU
	EndGlobalSection
	GlobalSection(SolutionProperties) = preSolution
		HideSolutionNode = FALSE
	EndGlobalSection
	GlobalSection(ExtensibilityGlobals) = postSolution
		SolutionGuid = {E193DD6A-0743-4E71-A76D-4C44B5071E69}
	EndGlobalSection
EndGlobal
